
Microsoft Visual Studio Solution File, Format Version 12.00
Project("{FAE04EC0-301F-11D3-BF4B-00C04F79EFBC}") = "iTrellisProject", "iTrellisProject\iTrellisProject.csproj", "{8F28C714-D1FC-44EA-BBA4-9C8BA2F06BE2}"
EndProject
Project("{FAE04EC0-301F-11D3-BF4B-00C04F79EFBC}") = "iTrellisProject.Tests", "iTrellisProject.Tests\iTrellisProject.Tests.csproj", "{746CF5D6-BB3D-44A0-B2B7-4FE0AC11673E}"
EndProject
Global
	GlobalSection(SolutionConfigurationPlatforms) = preSolution
		Debug|Any CPU = Debug|Any CPU
		Release|Any CPU = Release|Any CPU
	EndGlobalSection
	GlobalSection(ProjectConfigurationPlatforms) = postSolution
		{8F28C714-D1FC-44EA-BBA4-9C8BA2F06BE2}.Debug|Any CPU.ActiveCfg = Debug|Any CPU
		{8F28C714-D1FC-44EA-BBA4-9C8BA2F06BE2}.Debug|Any CPU.Build.0 = Debug|Any CPU
		{8F28C714-D1FC-44EA-BBA4-9C8BA2F06BE2}.Release|Any CPU.ActiveCfg = Release|Any CPU
		{8F28C714-D1FC-44EA-BBA4-9C8BA2F06BE2}.Release|Any CPU.Build.0 = Release|Any CPU
		{746CF5D6-BB3D-44A0-B2B7-4FE0AC11673E}.Debug|Any CPU.ActiveCfg = Debug|Any CPU
		{746CF5D6-BB3D-44A0-B2B7-4FE0AC11673E}.Debug|Any CPU.Build.0 = Debug|Any CPU
		{746CF5D6-BB3D-44A0-B2B7-4FE0AC11673E}.Release|Any CPU.ActiveCfg = Release|Any CPU
		{746CF5D6-BB3D-44A0-B2B7-4FE0AC11673E}.Release|Any CPU.Build.0 = Release|Any CPU
	EndGlobalSection
EndGlobal
